# This file is automatically @generated by Cargo.
# It is not intended for manual editing.
version = 3

[[package]]
name = "paddy_ecs"
version = "0.1.0"
dependencies = [
 "paddy_ptr",
 "paddy_utils",
]

[[package]]
name = "paddy_ptr"
version = "0.1.0"

[[package]]
name = "paddy_utils"
version = "0.1.0"
